# THIS IS AN AUTOGENERATED FILE. DO NOT EDIT THIS FILE DIRECTLY.
# yarn lockfile v1


arg@^4.1.0:
  version "4.1.0"
  resolved "https://registry.npm.taobao.org/arg/download/arg-4.1.0.tgz#583c518199419e0037abb74062c37f8519e575f0"
  integrity sha1-WDxRgZlBngA3q7dAYsN/hRnldfA=

buffer-from@^1.0.0:
  version "1.1.1"
  resolved "https://registry.npm.taobao.org/buffer-from/download/buffer-from-1.1.1.tgz#32713bc028f75c02fdb710d7c7bcec1f2c6070ef"
  integrity sha1-MnE7wCj3XAL9txDXx7zsHyxgcO8=

diff@^4.0.1:
  version "4.0.1"
  resolved "https://registry.npm.taobao.org/diff/download/diff-4.0.1.tgz#0c667cb467ebbb5cea7f14f135cc2dba7780a8ff"
  integrity sha1-DGZ8tGfru1zqfxTxNcwtuneAqP8=

make-error@^1.1.1:
  version "1.3.5"
  resolved "https://registry.npm.taobao.org/make-error/download/make-error-1.3.5.tgz#efe4e81f6db28cadd605c70f29c831b58ef776c8"
  integrity sha1-7+ToH22yjK3WBccPKcgxtY73dsg=

source-map-support@^0.5.6:
  version "0.5.12"
  resolved "https://registry.npm.taobao.org/source-map-support/download/source-map-support-0.5.12.tgz#b4f3b10d51857a5af0138d3ce8003b201613d599"
  integrity sha1-tPOxDVGFelrwE4086AA7IBYT1Zk=
  dependencies:
    buffer-from "^1.0.0"
    source-map "^0.6.0"

source-map@^0.6.0:
  version "0.6.1"
  resolved "https://registry.npm.taobao.org/source-map/download/source-map-0.6.1.tgz#74722af32e9614e9c287a8d0bbde48b5e2f1a263"
  integrity sha1-dHIq8y6WFOnCh6jQu95IteLxomM=

ts-node@^8.3.0:
  version "8.3.0"
  resolved "https://registry.npm.taobao.org/ts-node/download/ts-node-8.3.0.tgz#e4059618411371924a1fb5f3b125915f324efb57"
  integrity sha1-5AWWGEETcZJKH7XzsSWRXzJO+1c=
  dependencies:
    arg "^4.1.0"
    diff "^4.0.1"
    make-error "^1.1.1"
    source-map-support "^0.5.6"
    yn "^3.0.0"

typescript@^3.6.0-dev.20190704:
  version "3.6.0-dev.20190704"
  resolved "https://registry.npm.taobao.org/typescript/download/typescript-3.6.0-dev.20190704.tgz?cache=0&sync_timestamp=1562221027743&other_urls=https%3A%2F%2Fregistry.npm.taobao.org%2Ftypescript%2Fdownload%2Ftypescript-3.6.0-dev.20190704.tgz#7fce2a1f824c868b393e5291bc05cc192d266757"
  integrity sha1-f84qH4JMhos5PlKRvAXMGS0mZ1c=

yn@^3.0.0:
  version "3.1.0"
  resolved "https://registry.npm.taobao.org/yn/download/yn-3.1.0.tgz#fcbe2db63610361afcc5eb9e0ac91e976d046114"
  integrity sha1-/L4ttjYQNhr8xeueCskel20EYRQ=
